
Microsoft Visual Studio Solution File, Format Version 12.00
# Visual Studio Version 17
VisualStudioVersion = 17.11.35327.3
MinimumVisualStudioVersion = 10.0.40219.1
Project("{9A19103F-16F7-4668-BE54-9A1E7A4F7556}") = "PokemonReviewer", "Pokemon\PokemonReviewer.csproj", "{A46ECAEB-FE9E-45BE-8418-A86F9E26D337}"
EndProject
Global
	GlobalSection(SolutionConfigurationPlatforms) = preSolution
		Debug|Any CPU = Debug|Any CPU
		Release|Any CPU = Release|Any CPU
	EndGlobalSection
	GlobalSection(ProjectConfigurationPlatforms) = postSolution
		{A46ECAEB-FE9E-45BE-8418-A86F9E26D337}.Debug|Any CPU.ActiveCfg = Debug|Any CPU
		{A46ECAEB-FE9E-45BE-8418-A86F9E26D337}.Debug|Any CPU.Build.0 = Debug|Any CPU
		{A46ECAEB-FE9E-45BE-8418-A86F9E26D337}.Release|Any CPU.ActiveCfg = Release|Any CPU
		{A46ECAEB-FE9E-45BE-8418-A86F9E26D337}.Release|Any CPU.Build.0 = Release|Any CPU
	EndGlobalSection
	GlobalSection(SolutionProperties) = preSolution
		HideSolutionNode = FALSE
	EndGlobalSection
	GlobalSection(ExtensibilityGlobals) = postSolution
		SolutionGuid = {3B0E61FA-61C4-47DB-98CB-20AA78D748FF}
	EndGlobalSection
EndGlobal
